// !$*UTF8*$!
{
	archiveVersion = 1;
	classes = {
	};
	objectVersion = 56;
	objects = {

/* Begin PBXBuildFile section */
		523C66AB2C8B386D00074CF5 /* AppDelegate.swift in Sources */ = {isa = PBXBuildFile; fileRef = 523C66AA2C8B386D00074CF5 /* AppDelegate.swift */; };
		523C66B42C8B386E00074CF5 /* Assets.xcassets in Resources */ = {isa = PBXBuildFile; fileRef = 523C66B32C8B386E00074CF5 /* Assets.xcassets */; };
		523C66B72C8B386E00074CF5 /* Base in Resources */ = {isa = PBXBuildFile; fileRef = 523C66B62C8B386E00074CF5 /* Base */; };
		523C66ED2C8B3AA000074CF5 /* HomeWorker.swift in Sources */ = {isa = PBXBuildFile; fileRef = 523C66E72C8B3AA000074CF5 /* HomeWorker.swift */; };
		523C66EE2C8B3AA000074CF5 /* HomeViewController.swift in Sources */ = {isa = PBXBuildFile; fileRef = 523C66E82C8B3AA000074CF5 /* HomeViewController.swift */; };
		523C66EF2C8B3AA000074CF5 /* HomePresenter.swift in Sources */ = {isa = PBXBuildFile; fileRef = 523C66E92C8B3AA000074CF5 /* HomePresenter.swift */; };
		523C66F02C8B3AA000074CF5 /* HomeInteractor.swift in Sources */ = {isa = PBXBuildFile; fileRef = 523C66EA2C8B3AA000074CF5 /* HomeInteractor.swift */; };
		523C66F12C8B3AA000074CF5 /* HomeFactory.swift in Sources */ = {isa = PBXBuildFile; fileRef = 523C66EB2C8B3AA000074CF5 /* HomeFactory.swift */; };
		523C66F22C8B3AA000074CF5 /* HomeRouter.swift in Sources */ = {isa = PBXBuildFile; fileRef = 523C66EC2C8B3AA000074CF5 /* HomeRouter.swift */; };
		523C66F52C8B3ABE00074CF5 /* HomeSpotlightCollectionViewCell.swift in Sources */ = {isa = PBXBuildFile; fileRef = 523C66F32C8B3ABE00074CF5 /* HomeSpotlightCollectionViewCell.swift */; };
		523C66F62C8B3ABE00074CF5 /* HomeSpotlightView.swift in Sources */ = {isa = PBXBuildFile; fileRef = 523C66F42C8B3ABE00074CF5 /* HomeSpotlightView.swift */; };
		523C66F92C8B3AC400074CF5 /* HomeProductsCollectionViewCell.swift in Sources */ = {isa = PBXBuildFile; fileRef = 523C66F72C8B3AC400074CF5 /* HomeProductsCollectionViewCell.swift */; };
		523C66FA2C8B3AC400074CF5 /* HomeProductView.swift in Sources */ = {isa = PBXBuildFile; fileRef = 523C66F82C8B3AC400074CF5 /* HomeProductView.swift */; };
		523C66FC2C8B3AC800074CF5 /* HomeCashView.swift in Sources */ = {isa = PBXBuildFile; fileRef = 523C66FB2C8B3AC800074CF5 /* HomeCashView.swift */; };
		523C66FE2C8B3AD100074CF5 /* HomeResponse.swift in Sources */ = {isa = PBXBuildFile; fileRef = 523C66FD2C8B3AD100074CF5 /* HomeResponse.swift */; };
		523C67042C8B3ADF00074CF5 /* DetailPresenter.swift in Sources */ = {isa = PBXBuildFile; fileRef = 523C67002C8B3ADF00074CF5 /* DetailPresenter.swift */; };
		523C67052C8B3ADF00074CF5 /* DetailInteractor.swift in Sources */ = {isa = PBXBuildFile; fileRef = 523C67012C8B3ADF00074CF5 /* DetailInteractor.swift */; };
		523C67062C8B3ADF00074CF5 /* DetailViewController.swift in Sources */ = {isa = PBXBuildFile; fileRef = 523C67022C8B3ADF00074CF5 /* DetailViewController.swift */; };
		523C67072C8B3ADF00074CF5 /* DetailFactory.swift in Sources */ = {isa = PBXBuildFile; fileRef = 523C67032C8B3ADF00074CF5 /* DetailFactory.swift */; };
		523C67092C8B3AE800074CF5 /* DetailView.swift in Sources */ = {isa = PBXBuildFile; fileRef = 523C67082C8B3AE800074CF5 /* DetailView.swift */; };
		523C67142C8B3C1C00074CF5 /* DSTheme.swift in Sources */ = {isa = PBXBuildFile; fileRef = 523C67102C8B3C1C00074CF5 /* DSTheme.swift */; };
		523C67152C8B3C1C00074CF5 /* LoadingView.swift in Sources */ = {isa = PBXBuildFile; fileRef = 523C67112C8B3C1C00074CF5 /* LoadingView.swift */; };
		523C67162C8B3C1C00074CF5 /* DSHeaderView.swift in Sources */ = {isa = PBXBuildFile; fileRef = 523C67122C8B3C1C00074CF5 /* DSHeaderView.swift */; };
		523C67172C8B3C1C00074CF5 /* DSImageView.swift in Sources */ = {isa = PBXBuildFile; fileRef = 523C67132C8B3C1C00074CF5 /* DSImageView.swift */; };
		523C671D2C8B3C2100074CF5 /* Collection+Extension.swift in Sources */ = {isa = PBXBuildFile; fileRef = 523C67182C8B3C2100074CF5 /* Collection+Extension.swift */; };
		523C671E2C8B3C2100074CF5 /* Array+Extensions.swift in Sources */ = {isa = PBXBuildFile; fileRef = 523C67192C8B3C2100074CF5 /* Array+Extensions.swift */; };
		523C671F2C8B3C2100074CF5 /* UIStackView+Extensions.swift in Sources */ = {isa = PBXBuildFile; fileRef = 523C671A2C8B3C2100074CF5 /* UIStackView+Extensions.swift */; };
		523C67202C8B3C2100074CF5 /* UIImageView+Extensions.swift in Sources */ = {isa = PBXBuildFile; fileRef = 523C671B2C8B3C2100074CF5 /* UIImageView+Extensions.swift */; };
		523C67212C8B3C2100074CF5 /* UIView+Extensions.swift in Sources */ = {isa = PBXBuildFile; fileRef = 523C671C2C8B3C2100074CF5 /* UIView+Extensions.swift */; };
		523C67242C8B3C2900074CF5 /* EnvironmentManager.swift in Sources */ = {isa = PBXBuildFile; fileRef = 523C67222C8B3C2900074CF5 /* EnvironmentManager.swift */; };
		523C67252C8B3C2900074CF5 /* InfoPlist.swift in Sources */ = {isa = PBXBuildFile; fileRef = 523C67232C8B3C2900074CF5 /* InfoPlist.swift */; };
		523C672A2C8B3C2F00074CF5 /* ViewConfiguration.swift in Sources */ = {isa = PBXBuildFile; fileRef = 523C67262C8B3C2F00074CF5 /* ViewConfiguration.swift */; };
		523C672B2C8B3C2F00074CF5 /* ErrorPresenting.swift in Sources */ = {isa = PBXBuildFile; fileRef = 523C67272C8B3C2F00074CF5 /* ErrorPresenting.swift */; };
		523C672C2C8B3C2F00074CF5 /* CellIdentifier.swift in Sources */ = {isa = PBXBuildFile; fileRef = 523C67282C8B3C2F00074CF5 /* CellIdentifier.swift */; };
		523C672D2C8B3C2F00074CF5 /* LoadingPresenting.swift in Sources */ = {isa = PBXBuildFile; fileRef = 523C67292C8B3C2F00074CF5 /* LoadingPresenting.swift */; };
		523C67302C8B3C3400074CF5 /* DigioError.swift in Sources */ = {isa = PBXBuildFile; fileRef = 523C672E2C8B3C3400074CF5 /* DigioError.swift */; };
		523C67312C8B3C3400074CF5 /* DigioService.swift in Sources */ = {isa = PBXBuildFile; fileRef = 523C672F2C8B3C3400074CF5 /* DigioService.swift */; };
		523C67372C8B3DDA00074CF5 /* home_products_error.json in Resources */ = {isa = PBXBuildFile; fileRef = 523C67352C8B3DDA00074CF5 /* home_products_error.json */; };
		523C67382C8B3DDA00074CF5 /* home_products_success.json in Resources */ = {isa = PBXBuildFile; fileRef = 523C67362C8B3DDA00074CF5 /* home_products_success.json */; };
		523C673A2C8B3DE000074CF5 /* HomeTests.swift in Sources */ = {isa = PBXBuildFile; fileRef = 523C67392C8B3DE000074CF5 /* HomeTests.swift */; };
		523C673C2C8B3DE700074CF5 /* DigioServiceMock.swift in Sources */ = {isa = PBXBuildFile; fileRef = 523C673B2C8B3DE700074CF5 /* DigioServiceMock.swift */; };
		523C673E2C8B3E1F00074CF5 /* HomeViewControllerSpy.swift in Sources */ = {isa = PBXBuildFile; fileRef = 523C673D2C8B3E1F00074CF5 /* HomeViewControllerSpy.swift */; };
/* End PBXBuildFile section */

/* Begin PBXContainerItemProxy section */
		523C66BE2C8B386E00074CF5 /* PBXContainerItemProxy */ = {
			isa = PBXContainerItemProxy;
			containerPortal = 523C669F2C8B386D00074CF5 /* Project object */;
			proxyType = 1;
			remoteGlobalIDString = 523C66A62C8B386D00074CF5;
			remoteInfo = DigioStore;
		};
/* End PBXContainerItemProxy section */

/* Begin PBXFileReference section */
		523C66A72C8B386D00074CF5 /* DigioStore.app */ = {isa = PBXFileReference; explicitFileType = wrapper.application; includeInIndex = 0; path = DigioStore.app; sourceTree = BUILT_PRODUCTS_DIR; };
		523C66AA2C8B386D00074CF5 /* AppDelegate.swift */ = {isa = PBXFileReference; lastKnownFileType = sourcecode.swift; path = AppDelegate.swift; sourceTree = "<group>"; };
		523C66B32C8B386E00074CF5 /* Assets.xcassets */ = {isa = PBXFileReference; lastKnownFileType = folder.assetcatalog; path = Assets.xcassets; sourceTree = "<group>"; };
		523C66B62C8B386E00074CF5 /* Base */ = {isa = PBXFileReference; lastKnownFileType = file.storyboard; name = Base; path = Base.lproj/LaunchScreen.storyboard; sourceTree = "<group>"; };
		523C66B82C8B386E00074CF5 /* Info.plist */ = {isa = PBXFileReference; lastKnownFileType = text.plist.xml; path = Info.plist; sourceTree = "<group>"; };
		523C66BD2C8B386E00074CF5 /* DigioStoreTests.xctest */ = {isa = PBXFileReference; explicitFileType = wrapper.cfbundle; includeInIndex = 0; path = DigioStoreTests.xctest; sourceTree = BUILT_PRODUCTS_DIR; };
		523C66E72C8B3AA000074CF5 /* HomeWorker.swift */ = {isa = PBXFileReference; fileEncoding = 4; lastKnownFileType = sourcecode.swift; path = HomeWorker.swift; sourceTree = "<group>"; };
		523C66E82C8B3AA000074CF5 /* HomeViewController.swift */ = {isa = PBXFileReference; fileEncoding = 4; lastKnownFileType = sourcecode.swift; path = HomeViewController.swift; sourceTree = "<group>"; };
		523C66E92C8B3AA000074CF5 /* HomePresenter.swift */ = {isa = PBXFileReference; fileEncoding = 4; lastKnownFileType = sourcecode.swift; path = HomePresenter.swift; sourceTree = "<group>"; };
		523C66EA2C8B3AA000074CF5 /* HomeInteractor.swift */ = {isa = PBXFileReference; fileEncoding = 4; lastKnownFileType = sourcecode.swift; path = HomeInteractor.swift; sourceTree = "<group>"; };
		523C66EB2C8B3AA000074CF5 /* HomeFactory.swift */ = {isa = PBXFileReference; fileEncoding = 4; lastKnownFileType = sourcecode.swift; path = HomeFactory.swift; sourceTree = "<group>"; };
		523C66EC2C8B3AA000074CF5 /* HomeRouter.swift */ = {isa = PBXFileReference; fileEncoding = 4; lastKnownFileType = sourcecode.swift; path = HomeRouter.swift; sourceTree = "<group>"; };
		523C66F32C8B3ABE00074CF5 /* HomeSpotlightCollectionViewCell.swift */ = {isa = PBXFileReference; fileEncoding = 4; lastKnownFileType = sourcecode.swift; path = HomeSpotlightCollectionViewCell.swift; sourceTree = "<group>"; };
		523C66F42C8B3ABE00074CF5 /* HomeSpotlightView.swift */ = {isa = PBXFileReference; fileEncoding = 4; lastKnownFileType = sourcecode.swift; path = HomeSpotlightView.swift; sourceTree = "<group>"; };
		523C66F72C8B3AC400074CF5 /* HomeProductsCollectionViewCell.swift */ = {isa = PBXFileReference; fileEncoding = 4; lastKnownFileType = sourcecode.swift; path = HomeProductsCollectionViewCell.swift; sourceTree = "<group>"; };
		523C66F82C8B3AC400074CF5 /* HomeProductView.swift */ = {isa = PBXFileReference; fileEncoding = 4; lastKnownFileType = sourcecode.swift; path = HomeProductView.swift; sourceTree = "<group>"; };
		523C66FB2C8B3AC800074CF5 /* HomeCashView.swift */ = {isa = PBXFileReference; fileEncoding = 4; lastKnownFileType = sourcecode.swift; path = HomeCashView.swift; sourceTree = "<group>"; };
		523C66FD2C8B3AD100074CF5 /* HomeResponse.swift */ = {isa = PBXFileReference; fileEncoding = 4; lastKnownFileType = sourcecode.swift; path = HomeResponse.swift; sourceTree = "<group>"; };
		523C67002C8B3ADF00074CF5 /* DetailPresenter.swift */ = {isa = PBXFileReference; fileEncoding = 4; lastKnownFileType = sourcecode.swift; path = DetailPresenter.swift; sourceTree = "<group>"; };
		523C67012C8B3ADF00074CF5 /* DetailInteractor.swift */ = {isa = PBXFileReference; fileEncoding = 4; lastKnownFileType = sourcecode.swift; path = DetailInteractor.swift; sourceTree = "<group>"; };
		523C67022C8B3ADF00074CF5 /* DetailViewController.swift */ = {isa = PBXFileReference; fileEncoding = 4; lastKnownFileType = sourcecode.swift; path = DetailViewController.swift; sourceTree = "<group>"; };
		523C67032C8B3ADF00074CF5 /* DetailFactory.swift */ = {isa = PBXFileReference; fileEncoding = 4; lastKnownFileType = sourcecode.swift; path = DetailFactory.swift; sourceTree = "<group>"; };
		523C67082C8B3AE800074CF5 /* DetailView.swift */ = {isa = PBXFileReference; fileEncoding = 4; lastKnownFileType = sourcecode.swift; path = DetailView.swift; sourceTree = "<group>"; };
		523C67102C8B3C1C00074CF5 /* DSTheme.swift */ = {isa = PBXFileReference; fileEncoding = 4; lastKnownFileType = sourcecode.swift; path = DSTheme.swift; sourceTree = "<group>"; };
		523C67112C8B3C1C00074CF5 /* LoadingView.swift */ = {isa = PBXFileReference; fileEncoding = 4; lastKnownFileType = sourcecode.swift; path = LoadingView.swift; sourceTree = "<group>"; };
		523C67122C8B3C1C00074CF5 /* DSHeaderView.swift */ = {isa = PBXFileReference; fileEncoding = 4; lastKnownFileType = sourcecode.swift; path = DSHeaderView.swift; sourceTree = "<group>"; };
		523C67132C8B3C1C00074CF5 /* DSImageView.swift */ = {isa = PBXFileReference; fileEncoding = 4; lastKnownFileType = sourcecode.swift; path = DSImageView.swift; sourceTree = "<group>"; };
		523C67182C8B3C2100074CF5 /* Collection+Extension.swift */ = {isa = PBXFileReference; fileEncoding = 4; lastKnownFileType = sourcecode.swift; path = "Collection+Extension.swift"; sourceTree = "<group>"; };
		523C67192C8B3C2100074CF5 /* Array+Extensions.swift */ = {isa = PBXFileReference; fileEncoding = 4; lastKnownFileType = sourcecode.swift; path = "Array+Extensions.swift"; sourceTree = "<group>"; };
		523C671A2C8B3C2100074CF5 /* UIStackView+Extensions.swift */ = {isa = PBXFileReference; fileEncoding = 4; lastKnownFileType = sourcecode.swift; path = "UIStackView+Extensions.swift"; sourceTree = "<group>"; };
		523C671B2C8B3C2100074CF5 /* UIImageView+Extensions.swift */ = {isa = PBXFileReference; fileEncoding = 4; lastKnownFileType = sourcecode.swift; path = "UIImageView+Extensions.swift"; sourceTree = "<group>"; };
		523C671C2C8B3C2100074CF5 /* UIView+Extensions.swift */ = {isa = PBXFileReference; fileEncoding = 4; lastKnownFileType = sourcecode.swift; path = "UIView+Extensions.swift"; sourceTree = "<group>"; };
		523C67222C8B3C2900074CF5 /* EnvironmentManager.swift */ = {isa = PBXFileReference; fileEncoding = 4; lastKnownFileType = sourcecode.swift; path = EnvironmentManager.swift; sourceTree = "<group>"; };
		523C67232C8B3C2900074CF5 /* InfoPlist.swift */ = {isa = PBXFileReference; fileEncoding = 4; lastKnownFileType = sourcecode.swift; path = InfoPlist.swift; sourceTree = "<group>"; };
		523C67262C8B3C2F00074CF5 /* ViewConfiguration.swift */ = {isa = PBXFileReference; fileEncoding = 4; lastKnownFileType = sourcecode.swift; path = ViewConfiguration.swift; sourceTree = "<group>"; };
		523C67272C8B3C2F00074CF5 /* ErrorPresenting.swift */ = {isa = PBXFileReference; fileEncoding = 4; lastKnownFileType = sourcecode.swift; path = ErrorPresenting.swift; sourceTree = "<group>"; };
		523C67282C8B3C2F00074CF5 /* CellIdentifier.swift */ = {isa = PBXFileReference; fileEncoding = 4; lastKnownFileType = sourcecode.swift; path = CellIdentifier.swift; sourceTree = "<group>"; };
		523C67292C8B3C2F00074CF5 /* LoadingPresenting.swift */ = {isa = PBXFileReference; fileEncoding = 4; lastKnownFileType = sourcecode.swift; path = LoadingPresenting.swift; sourceTree = "<group>"; };
		523C672E2C8B3C3400074CF5 /* DigioError.swift */ = {isa = PBXFileReference; fileEncoding = 4; lastKnownFileType = sourcecode.swift; path = DigioError.swift; sourceTree = "<group>"; };
		523C672F2C8B3C3400074CF5 /* DigioService.swift */ = {isa = PBXFileReference; fileEncoding = 4; lastKnownFileType = sourcecode.swift; path = DigioService.swift; sourceTree = "<group>"; };
		523C67352C8B3DDA00074CF5 /* home_products_error.json */ = {isa = PBXFileReference; fileEncoding = 4; lastKnownFileType = text.json; path = home_products_error.json; sourceTree = "<group>"; };
		523C67362C8B3DDA00074CF5 /* home_products_success.json */ = {isa = PBXFileReference; fileEncoding = 4; lastKnownFileType = text.json; path = home_products_success.json; sourceTree = "<group>"; };
		523C67392C8B3DE000074CF5 /* HomeTests.swift */ = {isa = PBXFileReference; fileEncoding = 4; lastKnownFileType = sourcecode.swift; path = HomeTests.swift; sourceTree = "<group>"; };
		523C673B2C8B3DE700074CF5 /* DigioServiceMock.swift */ = {isa = PBXFileReference; fileEncoding = 4; lastKnownFileType = sourcecode.swift; path = DigioServiceMock.swift; sourceTree = "<group>"; };
		523C673D2C8B3E1F00074CF5 /* HomeViewControllerSpy.swift */ = {isa = PBXFileReference; fileEncoding = 4; lastKnownFileType = sourcecode.swift; path = HomeViewControllerSpy.swift; sourceTree = "<group>"; };
/* End PBXFileReference section */

/* Begin PBXFrameworksBuildPhase section */
		523C66A42C8B386D00074CF5 /* Frameworks */ = {
			isa = PBXFrameworksBuildPhase;
			buildActionMask = 2147483647;
			files = (
			);
			runOnlyForDeploymentPostprocessing = 0;
		};
		523C66BA2C8B386E00074CF5 /* Frameworks */ = {
			isa = PBXFrameworksBuildPhase;
			buildActionMask = 2147483647;
			files = (
			);
			runOnlyForDeploymentPostprocessing = 0;
		};
/* End PBXFrameworksBuildPhase section */

/* Begin PBXGroup section */
		523C669E2C8B386D00074CF5 = {
			isa = PBXGroup;
			children = (
				523C66A92C8B386D00074CF5 /* DigioStore */,
				523C66C02C8B386E00074CF5 /* DigioStoreTests */,
				523C66A82C8B386D00074CF5 /* Products */,
			);
			sourceTree = "<group>";
		};
		523C66A82C8B386D00074CF5 /* Products */ = {
			isa = PBXGroup;
			children = (
				523C66A72C8B386D00074CF5 /* DigioStore.app */,
				523C66BD2C8B386E00074CF5 /* DigioStoreTests.xctest */,
			);
			name = Products;
			sourceTree = "<group>";
		};
		523C66A92C8B386D00074CF5 /* DigioStore */ = {
			isa = PBXGroup;
			children = (
				523C670A2C8B3B4F00074CF5 /* Core */,
				523C66DF2C8B3A5800074CF5 /* Scenes */,
				523C66DA2C8B388800074CF5 /* Files */,
				523C66AA2C8B386D00074CF5 /* AppDelegate.swift */,
			);
			path = DigioStore;
			sourceTree = "<group>";
		};
		523C66C02C8B386E00074CF5 /* DigioStoreTests */ = {
			isa = PBXGroup;
			children = (
				523C67322C8B3DC500074CF5 /* Core */,
				523C67332C8B3DCA00074CF5 /* Home */,
			);
			path = DigioStoreTests;
			sourceTree = "<group>";
		};
		523C66DA2C8B388800074CF5 /* Files */ = {
			isa = PBXGroup;
			children = (
				523C66B32C8B386E00074CF5 /* Assets.xcassets */,
				523C66B52C8B386E00074CF5 /* LaunchScreen.storyboard */,
				523C66B82C8B386E00074CF5 /* Info.plist */,
			);
			path = Files;
			sourceTree = "<group>";
		};
		523C66DF2C8B3A5800074CF5 /* Scenes */ = {
			isa = PBXGroup;
			children = (
				523C66E02C8B3A5D00074CF5 /* Detail */,
				523C66E12C8B3A6100074CF5 /* Home */,
			);
			path = Scenes;
			sourceTree = "<group>";
		};
		523C66E02C8B3A5D00074CF5 /* Detail */ = {
			isa = PBXGroup;
			children = (
				523C67032C8B3ADF00074CF5 /* DetailFactory.swift */,
				523C67012C8B3ADF00074CF5 /* DetailInteractor.swift */,
				523C67002C8B3ADF00074CF5 /* DetailPresenter.swift */,
				523C67022C8B3ADF00074CF5 /* DetailViewController.swift */,
				523C66FF2C8B3AD600074CF5 /* View */,
			);
			path = Detail;
			sourceTree = "<group>";
		};
		523C66E12C8B3A6100074CF5 /* Home */ = {
			isa = PBXGroup;
			children = (
				523C66E32C8B3A7900074CF5 /* Entity */,
				523C66E22C8B3A7600074CF5 /* View */,
			);
			path = Home;
			sourceTree = "<group>";
		};
		523C66E22C8B3A7600074CF5 /* View */ = {
			isa = PBXGroup;
			children = (
				523C66E62C8B3A8A00074CF5 /* Cash */,
				523C66E52C8B3A8300074CF5 /* Product */,
				523C66E42C8B3A7E00074CF5 /* Spotlight */,
				523C66EB2C8B3AA000074CF5 /* HomeFactory.swift */,
				523C66EA2C8B3AA000074CF5 /* HomeInteractor.swift */,
				523C66E92C8B3AA000074CF5 /* HomePresenter.swift */,
				523C66EC2C8B3AA000074CF5 /* HomeRouter.swift */,
				523C66E82C8B3AA000074CF5 /* HomeViewController.swift */,
				523C66E72C8B3AA000074CF5 /* HomeWorker.swift */,
			);
			path = View;
			sourceTree = "<group>";
		};
		523C66E32C8B3A7900074CF5 /* Entity */ = {
			isa = PBXGroup;
			children = (
				523C66FD2C8B3AD100074CF5 /* HomeResponse.swift */,
			);
			path = Entity;
			sourceTree = "<group>";
		};
		523C66E42C8B3A7E00074CF5 /* Spotlight */ = {
			isa = PBXGroup;
			children = (
				523C66F32C8B3ABE00074CF5 /* HomeSpotlightCollectionViewCell.swift */,
				523C66F42C8B3ABE00074CF5 /* HomeSpotlightView.swift */,
			);
			path = Spotlight;
			sourceTree = "<group>";
		};
		523C66E52C8B3A8300074CF5 /* Product */ = {
			isa = PBXGroup;
			children = (
				523C66F72C8B3AC400074CF5 /* HomeProductsCollectionViewCell.swift */,
				523C66F82C8B3AC400074CF5 /* HomeProductView.swift */,
			);
			path = Product;
			sourceTree = "<group>";
		};
		523C66E62C8B3A8A00074CF5 /* Cash */ = {
			isa = PBXGroup;
			children = (
				523C66FB2C8B3AC800074CF5 /* HomeCashView.swift */,
			);
			path = Cash;
			sourceTree = "<group>";
		};
		523C66FF2C8B3AD600074CF5 /* View */ = {
			isa = PBXGroup;
			children = (
				523C67082C8B3AE800074CF5 /* DetailView.swift */,
			);
			path = View;
			sourceTree = "<group>";
		};
		523C670A2C8B3B4F00074CF5 /* Core */ = {
			isa = PBXGroup;
			children = (
				523C670B2C8B3BEC00074CF5 /* CustomViews */,
				523C670E2C8B3BFA00074CF5 /* Extensions */,
				523C670D2C8B3BF600074CF5 /* Manager */,
				523C670F2C8B3C0200074CF5 /* Protocols */,
				523C670C2C8B3BF100074CF5 /* Services */,
			);
			path = Core;
			sourceTree = "<group>";
		};
		523C670B2C8B3BEC00074CF5 /* CustomViews */ = {
			isa = PBXGroup;
			children = (
				523C67122C8B3C1C00074CF5 /* DSHeaderView.swift */,
				523C67132C8B3C1C00074CF5 /* DSImageView.swift */,
				523C67102C8B3C1C00074CF5 /* DSTheme.swift */,
				523C67112C8B3C1C00074CF5 /* LoadingView.swift */,
			);
			path = CustomViews;
			sourceTree = "<group>";
		};
		523C670C2C8B3BF100074CF5 /* Services */ = {
			isa = PBXGroup;
			children = (
				523C672E2C8B3C3400074CF5 /* DigioError.swift */,
				523C672F2C8B3C3400074CF5 /* DigioService.swift */,
			);
			path = Services;
			sourceTree = "<group>";
		};
		523C670D2C8B3BF600074CF5 /* Manager */ = {
			isa = PBXGroup;
			children = (
				523C67222C8B3C2900074CF5 /* EnvironmentManager.swift */,
				523C67232C8B3C2900074CF5 /* InfoPlist.swift */,
			);
			path = Manager;
			sourceTree = "<group>";
		};
		523C670E2C8B3BFA00074CF5 /* Extensions */ = {
			isa = PBXGroup;
			children = (
				523C67192C8B3C2100074CF5 /* Array+Extensions.swift */,
				523C67182C8B3C2100074CF5 /* Collection+Extension.swift */,
				523C671B2C8B3C2100074CF5 /* UIImageView+Extensions.swift */,
				523C671A2C8B3C2100074CF5 /* UIStackView+Extensions.swift */,
				523C671C2C8B3C2100074CF5 /* UIView+Extensions.swift */,
			);
			path = Extensions;
			sourceTree = "<group>";
		};
		523C670F2C8B3C0200074CF5 /* Protocols */ = {
			isa = PBXGroup;
			children = (
				523C67282C8B3C2F00074CF5 /* CellIdentifier.swift */,
				523C67272C8B3C2F00074CF5 /* ErrorPresenting.swift */,
				523C67292C8B3C2F00074CF5 /* LoadingPresenting.swift */,
				523C67262C8B3C2F00074CF5 /* ViewConfiguration.swift */,
			);
			path = Protocols;
			sourceTree = "<group>";
		};
		523C67322C8B3DC500074CF5 /* Core */ = {
			isa = PBXGroup;
			children = (
				523C673B2C8B3DE700074CF5 /* DigioServiceMock.swift */,
			);
			path = Core;
			sourceTree = "<group>";
		};
		523C67332C8B3DCA00074CF5 /* Home */ = {
			isa = PBXGroup;
			children = (
				523C67342C8B3DD200074CF5 /* Files */,
				523C673D2C8B3E1F00074CF5 /* HomeViewControllerSpy.swift */,
				523C67392C8B3DE000074CF5 /* HomeTests.swift */,
			);
			path = Home;
			sourceTree = "<group>";
		};
		523C67342C8B3DD200074CF5 /* Files */ = {
			isa = PBXGroup;
			children = (
				523C67352C8B3DDA00074CF5 /* home_products_error.json */,
				523C67362C8B3DDA00074CF5 /* home_products_success.json */,
			);
			path = Files;
			sourceTree = "<group>";
		};
/* End PBXGroup section */

/* Begin PBXNativeTarget section */
		523C66A62C8B386D00074CF5 /* DigioStore */ = {
			isa = PBXNativeTarget;
			buildConfigurationList = 523C66D12C8B386E00074CF5 /* Build configuration list for PBXNativeTarget "DigioStore" */;
			buildPhases = (
				523C66A32C8B386D00074CF5 /* Sources */,
				523C66A42C8B386D00074CF5 /* Frameworks */,
				523C66A52C8B386D00074CF5 /* Resources */,
				523C66DD2C8B39FD00074CF5 /* Swiftlint */,
			);
			buildRules = (
			);
			dependencies = (
			);
			name = DigioStore;
			productName = DigioStore;
			productReference = 523C66A72C8B386D00074CF5 /* DigioStore.app */;
			productType = "com.apple.product-type.application";
		};
		523C66BC2C8B386E00074CF5 /* DigioStoreTests */ = {
			isa = PBXNativeTarget;
			buildConfigurationList = 523C66D42C8B386E00074CF5 /* Build configuration list for PBXNativeTarget "DigioStoreTests" */;
			buildPhases = (
				523C66B92C8B386E00074CF5 /* Sources */,
				523C66BA2C8B386E00074CF5 /* Frameworks */,
				523C66BB2C8B386E00074CF5 /* Resources */,
			);
			buildRules = (
			);
			dependencies = (
				523C66BF2C8B386E00074CF5 /* PBXTargetDependency */,
			);
			name = DigioStoreTests;
			productName = DigioStoreTests;
			productReference = 523C66BD2C8B386E00074CF5 /* DigioStoreTests.xctest */;
			productType = "com.apple.product-type.bundle.unit-test";
		};
/* End PBXNativeTarget section */

/* Begin PBXProject section */
		523C669F2C8B386D00074CF5 /* Project object */ = {
			isa = PBXProject;
			attributes = {
				BuildIndependentTargetsInParallel = 1;
				LastSwiftUpdateCheck = 1540;
				LastUpgradeCheck = 1540;
				TargetAttributes = {
					523C66A62C8B386D00074CF5 = {
						CreatedOnToolsVersion = 15.4;
					};
					523C66BC2C8B386E00074CF5 = {
						CreatedOnToolsVersion = 15.4;
						TestTargetID = 523C66A62C8B386D00074CF5;
					};
				};
			};
			buildConfigurationList = 523C66A22C8B386D00074CF5 /* Build configuration list for PBXProject "DigioStore" */;
			compatibilityVersion = "Xcode 14.0";
			developmentRegion = en;
			hasScannedForEncodings = 0;
			knownRegions = (
				en,
				Base,
			);
			mainGroup = 523C669E2C8B386D00074CF5;
			packageReferences = (
				523C66DB2C8B39F000074CF5 /* XCRemoteSwiftPackageReference "SwiftLintPlugins" */,
			);
			productRefGroup = 523C66A82C8B386D00074CF5 /* Products */;
			projectDirPath = "";
			projectRoot = "";
			targets = (
				523C66A62C8B386D00074CF5 /* DigioStore */,
				523C66BC2C8B386E00074CF5 /* DigioStoreTests */,
			);
		};
/* End PBXProject section */

/* Begin PBXResourcesBuildPhase section */
		523C66A52C8B386D00074CF5 /* Resources */ = {
			isa = PBXResourcesBuildPhase;
			buildActionMask = 2147483647;
			files = (
				523C66B42C8B386E00074CF5 /* Assets.xcassets in Resources */,
				523C66B72C8B386E00074CF5 /* Base in Resources */,
			);
			runOnlyForDeploymentPostprocessing = 0;
		};
		523C66BB2C8B386E00074CF5 /* Resources */ = {
			isa = PBXResourcesBuildPhase;
			buildActionMask = 2147483647;
			files = (
				523C67382C8B3DDA00074CF5 /* home_products_success.json in Resources */,
				523C67372C8B3DDA00074CF5 /* home_products_error.json in Resources */,
			);
			runOnlyForDeploymentPostprocessing = 0;
		};
/* End PBXResourcesBuildPhase section */

/* Begin PBXShellScriptBuildPhase section */
		523C66DD2C8B39FD00074CF5 /* Swiftlint */ = {
			isa = PBXShellScriptBuildPhase;
			alwaysOutOfDate = 1;
			buildActionMask = 2147483647;
			files = (
			);
			inputFileListPaths = (
			);
			inputPaths = (
			);
			name = Swiftlint;
			outputFileListPaths = (
			);
			outputPaths = (
			);
			runOnlyForDeploymentPostprocessing = 0;
			shellPath = /bin/sh;
			shellScript = "if test -d \"/opt/homebrew/bin/\"; then\n  PATH=\"/opt/homebrew/bin/:${PATH}\"\nfi\n\nexport PATH\n\nif which swiftlint >/dev/null; then\n  swiftlint --fix && swiftlint\nelse\n  echo \"warning: SwiftLint not installed, download from https://github.com/realm/SwiftLint[](https://github.com/realm/SwiftLint)\"\nfi\n";
		};
/* End PBXShellScriptBuildPhase section */

/* Begin PBXSourcesBuildPhase section */
		523C66A32C8B386D00074CF5 /* Sources */ = {
			isa = PBXSourcesBuildPhase;
			buildActionMask = 2147483647;
			files = (
				523C67202C8B3C2100074CF5 /* UIImageView+Extensions.swift in Sources */,
				523C66FC2C8B3AC800074CF5 /* HomeCashView.swift in Sources */,
				523C672D2C8B3C2F00074CF5 /* LoadingPresenting.swift in Sources */,
				523C67092C8B3AE800074CF5 /* DetailView.swift in Sources */,
				523C672A2C8B3C2F00074CF5 /* ViewConfiguration.swift in Sources */,
				523C67302C8B3C3400074CF5 /* DigioError.swift in Sources */,
				523C66ED2C8B3AA000074CF5 /* HomeWorker.swift in Sources */,
				523C66FE2C8B3AD100074CF5 /* HomeResponse.swift in Sources */,
				523C66FA2C8B3AC400074CF5 /* HomeProductView.swift in Sources */,
				523C67252C8B3C2900074CF5 /* InfoPlist.swift in Sources */,
				523C66AB2C8B386D00074CF5 /* AppDelegate.swift in Sources */,
				523C67042C8B3ADF00074CF5 /* DetailPresenter.swift in Sources */,
				523C67052C8B3ADF00074CF5 /* DetailInteractor.swift in Sources */,
				523C67062C8B3ADF00074CF5 /* DetailViewController.swift in Sources */,
				523C66F22C8B3AA000074CF5 /* HomeRouter.swift in Sources */,
				523C66F92C8B3AC400074CF5 /* HomeProductsCollectionViewCell.swift in Sources */,
				523C67212C8B3C2100074CF5 /* UIView+Extensions.swift in Sources */,
				523C67172C8B3C1C00074CF5 /* DSImageView.swift in Sources */,
				523C67162C8B3C1C00074CF5 /* DSHeaderView.swift in Sources */,
				523C672B2C8B3C2F00074CF5 /* ErrorPresenting.swift in Sources */,
				523C67312C8B3C3400074CF5 /* DigioService.swift in Sources */,
				523C672C2C8B3C2F00074CF5 /* CellIdentifier.swift in Sources */,
				523C66EE2C8B3AA000074CF5 /* HomeViewController.swift in Sources */,
				523C66F02C8B3AA000074CF5 /* HomeInteractor.swift in Sources */,
				523C67152C8B3C1C00074CF5 /* LoadingView.swift in Sources */,
				523C66F62C8B3ABE00074CF5 /* HomeSpotlightView.swift in Sources */,
				523C67242C8B3C2900074CF5 /* EnvironmentManager.swift in Sources */,
				523C66EF2C8B3AA000074CF5 /* HomePresenter.swift in Sources */,
				523C67142C8B3C1C00074CF5 /* DSTheme.swift in Sources */,
				523C671E2C8B3C2100074CF5 /* Array+Extensions.swift in Sources */,
				523C67072C8B3ADF00074CF5 /* DetailFactory.swift in Sources */,
				523C66F52C8B3ABE00074CF5 /* HomeSpotlightCollectionViewCell.swift in Sources */,
				523C671F2C8B3C2100074CF5 /* UIStackView+Extensions.swift in Sources */,
				523C66F12C8B3AA000074CF5 /* HomeFactory.swift in Sources */,
				523C671D2C8B3C2100074CF5 /* Collection+Extension.swift in Sources */,
			);
			runOnlyForDeploymentPostprocessing = 0;
		};
		523C66B92C8B386E00074CF5 /* Sources */ = {
			isa = PBXSourcesBuildPhase;
			buildActionMask = 2147483647;
			files = (
				523C673C2C8B3DE700074CF5 /* DigioServiceMock.swift in Sources */,
				523C673A2C8B3DE000074CF5 /* HomeTests.swift in Sources */,
				523C673E2C8B3E1F00074CF5 /* HomeViewControllerSpy.swift in Sources */,
			);
			runOnlyForDeploymentPostprocessing = 0;
		};
/* End PBXSourcesBuildPhase section */

/* Begin PBXTargetDependency section */
		523C66BF2C8B386E00074CF5 /* PBXTargetDependency */ = {
			isa = PBXTargetDependency;
			target = 523C66A62C8B386D00074CF5 /* DigioStore */;
			targetProxy = 523C66BE2C8B386E00074CF5 /* PBXContainerItemProxy */;
		};
/* End PBXTargetDependency section */

/* Begin PBXVariantGroup section */
		523C66B52C8B386E00074CF5 /* LaunchScreen.storyboard */ = {
			isa = PBXVariantGroup;
			children = (
				523C66B62C8B386E00074CF5 /* Base */,
			);
			name = LaunchScreen.storyboard;
			sourceTree = "<group>";
		};
/* End PBXVariantGroup section */

/* Begin XCBuildConfiguration section */
		523C66CF2C8B386E00074CF5 /* Debug */ = {
			isa = XCBuildConfiguration;
			buildSettings = {
				ALWAYS_SEARCH_USER_PATHS = NO;
				ASSETCATALOG_COMPILER_GENERATE_SWIFT_ASSET_SYMBOL_EXTENSIONS = YES;
				CLANG_ANALYZER_NONNULL = YES;
				CLANG_ANALYZER_NUMBER_OBJECT_CONVERSION = YES_AGGRESSIVE;
				CLANG_CXX_LANGUAGE_STANDARD = "gnu++20";
				CLANG_ENABLE_MODULES = YES;
				CLANG_ENABLE_OBJC_ARC = YES;
				CLANG_ENABLE_OBJC_WEAK = YES;
				CLANG_WARN_BLOCK_CAPTURE_AUTORELEASING = YES;
				CLANG_WARN_BOOL_CONVERSION = YES;
				CLANG_WARN_COMMA = YES;
				CLANG_WARN_CONSTANT_CONVERSION = YES;
				CLANG_WARN_DEPRECATED_OBJC_IMPLEMENTATIONS = YES;
				CLANG_WARN_DIRECT_OBJC_ISA_USAGE = YES_ERROR;
				CLANG_WARN_DOCUMENTATION_COMMENTS = YES;
				CLANG_WARN_EMPTY_BODY = YES;
				CLANG_WARN_ENUM_CONVERSION = YES;
				CLANG_WARN_INFINITE_RECURSION = YES;
				CLANG_WARN_INT_CONVERSION = YES;
				CLANG_WARN_NON_LITERAL_NULL_CONVERSION = YES;
				CLANG_WARN_OBJC_IMPLICIT_RETAIN_SELF = YES;
				CLANG_WARN_OBJC_LITERAL_CONVERSION = YES;
				CLANG_WARN_OBJC_ROOT_CLASS = YES_ERROR;
				CLANG_WARN_QUOTED_INCLUDE_IN_FRAMEWORK_HEADER = YES;
				CLANG_WARN_RANGE_LOOP_ANALYSIS = YES;
				CLANG_WARN_STRICT_PROTOTYPES = YES;
				CLANG_WARN_SUSPICIOUS_MOVE = YES;
				CLANG_WARN_UNGUARDED_AVAILABILITY = YES_AGGRESSIVE;
				CLANG_WARN_UNREACHABLE_CODE = YES;
				CLANG_WARN__DUPLICATE_METHOD_MATCH = YES;
				COPY_PHASE_STRIP = NO;
				DEBUG_INFORMATION_FORMAT = dwarf;
				ENABLE_STRICT_OBJC_MSGSEND = YES;
				ENABLE_TESTABILITY = YES;
				ENABLE_USER_SCRIPT_SANDBOXING = YES;
				GCC_C_LANGUAGE_STANDARD = gnu17;
				GCC_DYNAMIC_NO_PIC = NO;
				GCC_NO_COMMON_BLOCKS = YES;
				GCC_OPTIMIZATION_LEVEL = 0;
				GCC_PREPROCESSOR_DEFINITIONS = (
					"DEBUG=1",
					"$(inherited)",
				);
				GCC_WARN_64_TO_32_BIT_CONVERSION = YES;
				GCC_WARN_ABOUT_RETURN_TYPE = YES_ERROR;
				GCC_WARN_UNDECLARED_SELECTOR = YES;
				GCC_WARN_UNINITIALIZED_AUTOS = YES_AGGRESSIVE;
				GCC_WARN_UNUSED_FUNCTION = YES;
				GCC_WARN_UNUSED_VARIABLE = YES;
				IPHONEOS_DEPLOYMENT_TARGET = 12.0;
				LOCALIZATION_PREFERS_STRING_CATALOGS = YES;
				MTL_ENABLE_DEBUG_INFO = INCLUDE_SOURCE;
				MTL_FAST_MATH = YES;
				ONLY_ACTIVE_ARCH = YES;
				SDKROOT = iphoneos;
				SWIFT_ACTIVE_COMPILATION_CONDITIONS = "DEBUG $(inherited)";
				SWIFT_OPTIMIZATION_LEVEL = "-Onone";
			};
			name = Debug;
		};
		523C66D02C8B386E00074CF5 /* Release */ = {
			isa = XCBuildConfiguration;
			buildSettings = {
				ALWAYS_SEARCH_USER_PATHS = NO;
				ASSETCATALOG_COMPILER_GENERATE_SWIFT_ASSET_SYMBOL_EXTENSIONS = YES;
				CLANG_ANALYZER_NONNULL = YES;
				CLANG_ANALYZER_NUMBER_OBJECT_CONVERSION = YES_AGGRESSIVE;
				CLANG_CXX_LANGUAGE_STANDARD = "gnu++20";
				CLANG_ENABLE_MODULES = YES;
				CLANG_ENABLE_OBJC_ARC = YES;
				CLANG_ENABLE_OBJC_WEAK = YES;
				CLANG_WARN_BLOCK_CAPTURE_AUTORELEASING = YES;
				CLANG_WARN_BOOL_CONVERSION = YES;
				CLANG_WARN_COMMA = YES;
				CLANG_WARN_CONSTANT_CONVERSION = YES;
				CLANG_WARN_DEPRECATED_OBJC_IMPLEMENTATIONS = YES;
				CLANG_WARN_DIRECT_OBJC_ISA_USAGE = YES_ERROR;
				CLANG_WARN_DOCUMENTATION_COMMENTS = YES;
				CLANG_WARN_EMPTY_BODY = YES;
				CLANG_WARN_ENUM_CONVERSION = YES;
				CLANG_WARN_INFINITE_RECURSION = YES;
				CLANG_WARN_INT_CONVERSION = YES;
				CLANG_WARN_NON_LITERAL_NULL_CONVERSION = YES;
				CLANG_WARN_OBJC_IMPLICIT_RETAIN_SELF = YES;
				CLANG_WARN_OBJC_LITERAL_CONVERSION = YES;
				CLANG_WARN_OBJC_ROOT_CLASS = YES_ERROR;
				CLANG_WARN_QUOTED_INCLUDE_IN_FRAMEWORK_HEADER = YES;
				CLANG_WARN_RANGE_LOOP_ANALYSIS = YES;
				CLANG_WARN_STRICT_PROTOTYPES = YES;
				CLANG_WARN_SUSPICIOUS_MOVE = YES;
				CLANG_WARN_UNGUARDED_AVAILABILITY = YES_AGGRESSIVE;
				CLANG_WARN_UNREACHABLE_CODE = YES;
				CLANG_WARN__DUPLICATE_METHOD_MATCH = YES;
				COPY_PHASE_STRIP = NO;
				DEBUG_INFORMATION_FORMAT = "dwarf-with-dsym";
				ENABLE_NS_ASSERTIONS = NO;
				ENABLE_STRICT_OBJC_MSGSEND = YES;
				ENABLE_USER_SCRIPT_SANDBOXING = YES;
				GCC_C_LANGUAGE_STANDARD = gnu17;
				GCC_NO_COMMON_BLOCKS = YES;
				GCC_WARN_64_TO_32_BIT_CONVERSION = YES;
				GCC_WARN_ABOUT_RETURN_TYPE = YES_ERROR;
				GCC_WARN_UNDECLARED_SELECTOR = YES;
				GCC_WARN_UNINITIALIZED_AUTOS = YES_AGGRESSIVE;
				GCC_WARN_UNUSED_FUNCTION = YES;
				GCC_WARN_UNUSED_VARIABLE = YES;
				IPHONEOS_DEPLOYMENT_TARGET = 12.0;
				LOCALIZATION_PREFERS_STRING_CATALOGS = YES;
				MTL_ENABLE_DEBUG_INFO = NO;
				MTL_FAST_MATH = YES;
				SDKROOT = iphoneos;
				SWIFT_COMPILATION_MODE = wholemodule;
				VALIDATE_PRODUCT = YES;
			};
			name = Release;
		};
		523C66D22C8B386E00074CF5 /* Debug */ = {
			isa = XCBuildConfiguration;
			buildSettings = {
				ASSETCATALOG_COMPILER_APPICON_NAME = AppIcon;
				ASSETCATALOG_COMPILER_GLOBAL_ACCENT_COLOR_NAME = AccentColor;
				CODE_SIGN_STYLE = Automatic;
				CURRENT_PROJECT_VERSION = 1;
				ENABLE_USER_SCRIPT_SANDBOXING = NO;
				GENERATE_INFOPLIST_FILE = YES;
				INFOPLIST_FILE = DigioStore/Files/Info.plist;
				INFOPLIST_KEY_UIApplicationSupportsIndirectInputEvents = YES;
				INFOPLIST_KEY_UILaunchStoryboardName = LaunchScreen;
				INFOPLIST_KEY_UISupportedInterfaceOrientations = UIInterfaceOrientationPortrait;
				LD_RUNPATH_SEARCH_PATHS = (
					"$(inherited)",
					"@executable_path/Frameworks",
				);
				MARKETING_VERSION = 1.0;
				PRODUCT_BUNDLE_IDENTIFIER = testedigio.DigioStore;
				PRODUCT_NAME = "$(TARGET_NAME)";
				SWIFT_EMIT_LOC_STRINGS = YES;
				SWIFT_VERSION = 5.0;
				TARGETED_DEVICE_FAMILY = "1,2";
			};
			name = Debug;
		};
		523C66D32C8B386E00074CF5 /* Release */ = {
			isa = XCBuildConfiguration;
			buildSettings = {
				ASSETCATALOG_COMPILER_APPICON_NAME = AppIcon;
				ASSETCATALOG_COMPILER_GLOBAL_ACCENT_COLOR_NAME = AccentColor;
				CODE_SIGN_STYLE = Automatic;
				CURRENT_PROJECT_VERSION = 1;
				ENABLE_USER_SCRIPT_SANDBOXING = NO;
				GENERATE_INFOPLIST_FILE = YES;
				INFOPLIST_FILE = DigioStore/Files/Info.plist;
				INFOPLIST_KEY_UIApplicationSupportsIndirectInputEvents = YES;
				INFOPLIST_KEY_UILaunchStoryboardName = LaunchScreen;
				INFOPLIST_KEY_UISupportedInterfaceOrientations = UIInterfaceOrientationPortrait;
				LD_RUNPATH_SEARCH_PATHS = (
					"$(inherited)",
					"@executable_path/Frameworks",
				);
				MARKETING_VERSION = 1.0;
				PRODUCT_BUNDLE_IDENTIFIER = testedigio.DigioStore;
				PRODUCT_NAME = "$(TARGET_NAME)";
				SWIFT_EMIT_LOC_STRINGS = YES;
				SWIFT_VERSION = 5.0;
				TARGETED_DEVICE_FAMILY = "1,2";
			};
			name = Release;
		};
		523C66D52C8B386E00074CF5 /* Debug */ = {
			isa = XCBuildConfiguration;
			buildSettings = {
				ALWAYS_EMBED_SWIFT_STANDARD_LIBRARIES = YES;
				BUNDLE_LOADER = "$(TEST_HOST)";
				CODE_SIGN_STYLE = Automatic;
				CURRENT_PROJECT_VERSION = 1;
				GENERATE_INFOPLIST_FILE = YES;
				IPHONEOS_DEPLOYMENT_TARGET = 17.5;
				MARKETING_VERSION = 1.0;
				PRODUCT_BUNDLE_IDENTIFIER = testedigio.DigioStoreTests;
				PRODUCT_NAME = "$(TARGET_NAME)";
				SWIFT_EMIT_LOC_STRINGS = NO;
				SWIFT_VERSION = 5.0;
				TARGETED_DEVICE_FAMILY = "1,2";
				TEST_HOST = "$(BUILT_PRODUCTS_DIR)/DigioStore.app/$(BUNDLE_EXECUTABLE_FOLDER_PATH)/DigioStore";
			};
			name = Debug;
		};
		523C66D62C8B386E00074CF5 /* Release */ = {
			isa = XCBuildConfiguration;
			buildSettings = {
				ALWAYS_EMBED_SWIFT_STANDARD_LIBRARIES = YES;
				BUNDLE_LOADER = "$(TEST_HOST)";
				CODE_SIGN_STYLE = Automatic;
				CURRENT_PROJECT_VERSION = 1;
				GENERATE_INFOPLIST_FILE = YES;
				IPHONEOS_DEPLOYMENT_TARGET = 17.5;
				MARKETING_VERSION = 1.0;
				PRODUCT_BUNDLE_IDENTIFIER = testedigio.DigioStoreTests;
				PRODUCT_NAME = "$(TARGET_NAME)";
				SWIFT_EMIT_LOC_STRINGS = NO;
				SWIFT_VERSION = 5.0;
				TARGETED_DEVICE_FAMILY = "1,2";
				TEST_HOST = "$(BUILT_PRODUCTS_DIR)/DigioStore.app/$(BUNDLE_EXECUTABLE_FOLDER_PATH)/DigioStore";
			};
			name = Release;
		};
/* End XCBuildConfiguration section */

/* Begin XCConfigurationList section */
		523C66A22C8B386D00074CF5 /* Build configuration list for PBXProject "DigioStore" */ = {
			isa = XCConfigurationList;
			buildConfigurations = (
				523C66CF2C8B386E00074CF5 /* Debug */,
				523C66D02C8B386E00074CF5 /* Release */,
			);
			defaultConfigurationIsVisible = 0;
			defaultConfigurationName = Release;
		};
		523C66D12C8B386E00074CF5 /* Build configuration list for PBXNativeTarget "DigioStore" */ = {
			isa = XCConfigurationList;
			buildConfigurations = (
				523C66D22C8B386E00074CF5 /* Debug */,
				523C66D32C8B386E00074CF5 /* Release */,
			);
			defaultConfigurationIsVisible = 0;
			defaultConfigurationName = Release;
		};
		523C66D42C8B386E00074CF5 /* Build configuration list for PBXNativeTarget "DigioStoreTests" */ = {
			isa = XCConfigurationList;
			buildConfigurations = (
				523C66D52C8B386E00074CF5 /* Debug */,
				523C66D62C8B386E00074CF5 /* Release */,
			);
			defaultConfigurationIsVisible = 0;
			defaultConfigurationName = Release;
		};
/* End XCConfigurationList section */

/* Begin XCRemoteSwiftPackageReference section */
		523C66DB2C8B39F000074CF5 /* XCRemoteSwiftPackageReference "SwiftLintPlugins" */ = {
			isa = XCRemoteSwiftPackageReference;
			repositoryURL = "https://github.com/SimplyDanny/SwiftLintPlugins";
			requirement = {
				kind = exactVersion;
				version = 0.56.2;
			};
		};
/* End XCRemoteSwiftPackageReference section */
	};
	rootObject = 523C669F2C8B386D00074CF5 /* Project object */;
}
